# This file is automatically @generated by Poetry 1.7.0 and should not be changed by hand.

[[package]]
name = "types-pyside2"
version = "5.15.2.1.6"
description = "The most accurate stubs for PySide2"
optional = false
python-versions = "*"
files = [
    {file = "types_pyside2-5.15.2.1.6-py2.py3-none-any.whl", hash = "sha256:5bc2763bc6b595b2c5fc1191ce5147dcc6f44d56efdc2b264b6c082282cc1c57"},
    {file = "types_pyside2-5.15.2.1.6.tar.gz", hash = "sha256:de4b575e57fdb9e5fd8507537cdd770866fdbe1972eadc3793b2026eaec92875"},
]

[metadata]
lock-version = "2.0"
python-versions = "^3.11"
content-hash = "cf495d551c89e4c833cd09580b6c924d3c93c8c264e4d44bcb92791afc345d0e"
